// !$*UTF8*$!
{
	archiveVersion = 1;
	classes = {
	};
	objectVersion = 50;
	objects = {

/* Begin PBXBuildFile section */
		040CA7A62340B60800D4A035 /* AppDelegate.swift in Sources */ = {isa = PBXBuildFile; fileRef = 040CA7A52340B60800D4A035 /* AppDelegate.swift */; };
		040CA7AA2340B60800D4A035 /* ViewController.swift in Sources */ = {isa = PBXBuildFile; fileRef = 040CA7A92340B60800D4A035 /* ViewController.swift */; };
		040CA7AD2340B60800D4A035 /* Main.storyboard in Resources */ = {isa = PBXBuildFile; fileRef = 040CA7AB2340B60800D4A035 /* Main.storyboard */; };
		040CA7AF2340B60900D4A035 /* Assets.xcassets in Resources */ = {isa = PBXBuildFile; fileRef = 040CA7AE2340B60900D4A035 /* Assets.xcassets */; };
		040CA7B22340B60900D4A035 /* LaunchScreen.storyboard in Resources */ = {isa = PBXBuildFile; fileRef = 040CA7B02340B60900D4A035 /* LaunchScreen.storyboard */; };
		040CA7BA2340C2B200D4A035 /* CoursesTableViewController.swift in Sources */ = {isa = PBXBuildFile; fileRef = 040CA7B92340C2B200D4A035 /* CoursesTableViewController.swift */; };
/* End PBXBuildFile section */

/* Begin PBXFileReference section */
		040CA7A22340B60800D4A035 /* CourseEnorllment.app */ = {isa = PBXFileReference; explicitFileType = wrapper.application; includeInIndex = 0; path = CourseEnorllment.app; sourceTree = BUILT_PRODUCTS_DIR; };
		040CA7A52340B60800D4A035 /* AppDelegate.swift */ = {isa = PBXFileReference; lastKnownFileType = sourcecode.swift; path = AppDelegate.swift; sourceTree = "<group>"; };
		040CA7A92340B60800D4A035 /* ViewController.swift */ = {isa = PBXFileReference; lastKnownFileType = sourcecode.swift; path = ViewController.swift; sourceTree = "<group>"; };
		040CA7AC2340B60800D4A035 /* Base */ = {isa = PBXFileReference; lastKnownFileType = file.storyboard; name = Base; path = Base.lproj/Main.storyboard; sourceTree = "<group>"; };
		040CA7AE2340B60900D4A035 /* Assets.xcassets */ = {isa = PBXFileReference; lastKnownFileType = folder.assetcatalog; path = Assets.xcassets; sourceTree = "<group>"; };
		040CA7B12340B60900D4A035 /* Base */ = {isa = PBXFileReference; lastKnownFileType = file.storyboard; name = Base; path = Base.lproj/LaunchScreen.storyboard; sourceTree = "<group>"; };
		040CA7B32340B60900D4A035 /* Info.plist */ = {isa = PBXFileReference; lastKnownFileType = text.plist.xml; path = Info.plist; sourceTree = "<group>"; };
		040CA7B92340C2B200D4A035 /* CoursesTableViewController.swift */ = {isa = PBXFileReference; lastKnownFileType = sourcecode.swift; path = CoursesTableViewController.swift; sourceTree = "<group>"; };
/* End PBXFileReference section */

/* Begin PBXFrameworksBuildPhase section */
		040CA79F2340B60800D4A035 /* Frameworks */ = {
			isa = PBXFrameworksBuildPhase;
			buildActionMask = 2147483647;
			files = (
			);
			runOnlyForDeploymentPostprocessing = 0;
		};
/* End PBXFrameworksBuildPhase section */

/* Begin PBXGroup section */
		040CA7992340B60800D4A035 = {
			isa = PBXGroup;
			children = (
				040CA7A42340B60800D4A035 /* CourseEnorllment */,
				040CA7A32340B60800D4A035 /* Products */,
			);
			sourceTree = "<group>";
		};
		040CA7A32340B60800D4A035 /* Products */ = {
			isa = PBXGroup;
			children = (
				040CA7A22340B60800D4A035 /* CourseEnorllment.app */,
			);
			name = Products;
			sourceTree = "<group>";
		};
		040CA7A42340B60800D4A035 /* CourseEnorllment */ = {
			isa = PBXGroup;
			children = (
				040CA7A52340B60800D4A035 /* AppDelegate.swift */,
				040CA7A92340B60800D4A035 /* ViewController.swift */,
				040CA7AB2340B60800D4A035 /* Main.storyboard */,
				040CA7AE2340B60900D4A035 /* Assets.xcassets */,
				040CA7B02340B60900D4A035 /* LaunchScreen.storyboard */,
				040CA7B32340B60900D4A035 /* Info.plist */,
				040CA7B92340C2B200D4A035 /* CoursesTableViewController.swift */,
			);
			path = CourseEnorllment;
			sourceTree = "<group>";
		};
/* End PBXGroup section */

/* Begin PBXNativeTarget section */
		040CA7A12340B60800D4A035 /* CourseEnorllment */ = {
			isa = PBXNativeTarget;
			buildConfigurationList = 040CA7B62340B60900D4A035 /* Build configuration list for PBXNativeTarget "CourseEnorllment" */;
			buildPhases = (
				040CA79E2340B60800D4A035 /* Sources */,
				040CA79F2340B60800D4A035 /* Frameworks */,
				040CA7A02340B60800D4A035 /* Resources */,
			);
			buildRules = (
			);
			dependencies = (
			);
			name = CourseEnorllment;
			productName = CourseEnorllment;
			productReference = 040CA7A22340B60800D4A035 /* CourseEnorllment.app */;
			productType = "com.apple.product-type.application";
		};
/* End PBXNativeTarget section */

/* Begin PBXProject section */
		040CA79A2340B60800D4A035 /* Project object */ = {
			isa = PBXProject;
			attributes = {
				LastSwiftUpdateCheck = 1100;
				LastUpgradeCheck = 1100;
				ORGANIZATIONNAME = DND;
				TargetAttributes = {
					040CA7A12340B60800D4A035 = {
						CreatedOnToolsVersion = 11.0;
					};
				};
			};
			buildConfigurationList = 040CA79D2340B60800D4A035 /* Build configuration list for PBXProject "CourseEnorllment" */;
			compatibilityVersion = "Xcode 9.3";
			developmentRegion = en;
			hasScannedForEncodings = 0;
			knownRegions = (
				en,
				Base,
			);
			mainGroup = 040CA7992340B60800D4A035;
			productRefGroup = 040CA7A32340B60800D4A035 /* Products */;
			projectDirPath = "";
			projectRoot = "";
			targets = (
				040CA7A12340B60800D4A035 /* CourseEnorllment */,
			);
		};
/* End PBXProject section */

/* Begin PBXResourcesBuildPhase section */
		040CA7A02340B60800D4A035 /* Resources */ = {
			isa = PBXResourcesBuildPhase;
			buildActionMask = 2147483647;
			files = (
				040CA7B22340B60900D4A035 /* LaunchScreen.storyboard in Resources */,
				040CA7AF2340B60900D4A035 /* Assets.xcassets in Resources */,
				040CA7AD2340B60800D4A035 /* Main.storyboard in Resources */,
			);
			runOnlyForDeploymentPostprocessing = 0;
		};
/* End PBXResourcesBuildPhase section */

/* Begin PBXSourcesBuildPhase section */
		040CA79E2340B60800D4A035 /* Sources */ = {
			isa = PBXSourcesBuildPhase;
			buildActionMask = 2147483647;
			files = (
				040CA7BA2340C2B200D4A035 /* CoursesTableViewController.swift in Sources */,
				040CA7AA2340B60800D4A035 /* ViewController.swift in Sources */,
				040CA7A62340B60800D4A035 /* AppDelegate.swift in Sources */,
			);
			runOnlyForDeploymentPostprocessing = 0;
		};
/* End PBXSourcesBuildPhase section */

/* Begin PBXVariantGroup section */
		040CA7AB2340B60800D4A035 /* Main.storyboard */ = {
			isa = PBXVariantGroup;
			children = (
				040CA7AC2340B60800D4A035 /* Base */,
			);
			name = Main.storyboard;
			sourceTree = "<group>";
		};
		040CA7B02340B60900D4A035 /* LaunchScreen.storyboard */ = {
			isa = PBXVariantGroup;
			children = (
				040CA7B12340B60900D4A035 /* Base */,
			);
			name = LaunchScreen.storyboard;
			sourceTree = "<group>";
		};
/* End PBXVariantGroup section */

/* Begin XCBuildConfiguration section */
		040CA7B42340B60900D4A035 /* Debug */ = {
			isa = XCBuildConfiguration;
			buildSettings = {
				ALWAYS_SEARCH_USER_PATHS = NO;
				CLANG_ANALYZER_NONNULL = YES;
				CLANG_ANALYZER_NUMBER_OBJECT_CONVERSION = YES_AGGRESSIVE;
				CLANG_CXX_LANGUAGE_STANDARD = "gnu++14";
				CLANG_CXX_LIBRARY = "libc++";
				CLANG_ENABLE_MODULES = YES;
				CLANG_ENABLE_OBJC_ARC = YES;
				CLANG_ENABLE_OBJC_WEAK = YES;
				CLANG_WARN_BLOCK_CAPTURE_AUTORELEASING = YES;
				CLANG_WARN_BOOL_CONVERSION = YES;
				CLANG_WARN_COMMA = YES;
				CLANG_WARN_CONSTANT_CONVERSION = YES;
				CLANG_WARN_DEPRECATED_OBJC_IMPLEMENTATIONS = YES;
				CLANG_WARN_DIRECT_OBJC_ISA_USAGE = YES_ERROR;
				CLANG_WARN_DOCUMENTATION_COMMENTS = YES;
				CLANG_WARN_EMPTY_BODY = YES;
				CLANG_WARN_ENUM_CONVERSION = YES;
				CLANG_WARN_INFINITE_RECURSION = YES;
				CLANG_WARN_INT_CONVERSION = YES;
				CLANG_WARN_NON_LITERAL_NULL_CONVERSION = YES;
				CLANG_WARN_OBJC_IMPLICIT_RETAIN_SELF = YES;
				CLANG_WARN_OBJC_LITERAL_CONVERSION = YES;
				CLANG_WARN_OBJC_ROOT_CLASS = YES_ERROR;
				CLANG_WARN_RANGE_LOOP_ANALYSIS = YES;
				CLANG_WARN_STRICT_PROTOTYPES = YES;
				CLANG_WARN_SUSPICIOUS_MOVE = YES;
				CLANG_WARN_UNGUARDED_AVAILABILITY = YES_AGGRESSIVE;
				CLANG_WARN_UNREACHABLE_CODE = YES;
				CLANG_WARN__DUPLICATE_METHOD_MATCH = YES;
				COPY_PHASE_STRIP = NO;
				DEBUG_INFORMATION_FORMAT = dwarf;
				ENABLE_STRICT_OBJC_MSGSEND = YES;
				ENABLE_TESTABILITY = YES;
				GCC_C_LANGUAGE_STANDARD = gnu11;
				GCC_DYNAMIC_NO_PIC = NO;
				GCC_NO_COMMON_BLOCKS = YES;
				GCC_OPTIMIZATION_LEVEL = 0;
				GCC_PREPROCESSOR_DEFINITIONS = (
					"DEBUG=1",
					"$(inherited)",
				);
				GCC_WARN_64_TO_32_BIT_CONVERSION = YES;
				GCC_WARN_ABOUT_RETURN_TYPE = YES_ERROR;
				GCC_WARN_UNDECLARED_SELECTOR = YES;
				GCC_WARN_UNINITIALIZED_AUTOS = YES_AGGRESSIVE;
				GCC_WARN_UNUSED_FUNCTION = YES;
				GCC_WARN_UNUSED_VARIABLE = YES;
				IPHONEOS_DEPLOYMENT_TARGET = 13.0;
				MTL_ENABLE_DEBUG_INFO = INCLUDE_SOURCE;
				MTL_FAST_MATH = YES;
				ONLY_ACTIVE_ARCH = YES;
				SDKROOT = iphoneos;
				SWIFT_ACTIVE_COMPILATION_CONDITIONS = DEBUG;
				SWIFT_OPTIMIZATION_LEVEL = "-Onone";
			};
			name = Debug;
		};
		040CA7B52340B60900D4A035 /* Release */ = {
			isa = XCBuildConfiguration;
			buildSettings = {
				ALWAYS_SEARCH_USER_PATHS = NO;
				CLANG_ANALYZER_NONNULL = YES;
				CLANG_ANALYZER_NUMBER_OBJECT_CONVERSION = YES_AGGRESSIVE;
				CLANG_CXX_LANGUAGE_STANDARD = "gnu++14";
				CLANG_CXX_LIBRARY = "libc++";
				CLANG_ENABLE_MODULES = YES;
				CLANG_ENABLE_OBJC_ARC = YES;
				CLANG_ENABLE_OBJC_WEAK = YES;
				CLANG_WARN_BLOCK_CAPTURE_AUTORELEASING = YES;
				CLANG_WARN_BOOL_CONVERSION = YES;
				CLANG_WARN_COMMA = YES;
				CLANG_WARN_CONSTANT_CONVERSION = YES;
				CLANG_WARN_DEPRECATED_OBJC_IMPLEMENTATIONS = YES;
				CLANG_WARN_DIRECT_OBJC_ISA_USAGE = YES_ERROR;
				CLANG_WARN_DOCUMENTATION_COMMENTS = YES;
				CLANG_WARN_EMPTY_BODY = YES;
				CLANG_WARN_ENUM_CONVERSION = YES;
				CLANG_WARN_INFINITE_RECURSION = YES;
				CLANG_WARN_INT_CONVERSION = YES;
				CLANG_WARN_NON_LITERAL_NULL_CONVERSION = YES;
				CLANG_WARN_OBJC_IMPLICIT_RETAIN_SELF = YES;
				CLANG_WARN_OBJC_LITERAL_CONVERSION = YES;
				CLANG_WARN_OBJC_ROOT_CLASS = YES_ERROR;
				CLANG_WARN_RANGE_LOOP_ANALYSIS = YES;
				CLANG_WARN_STRICT_PROTOTYPES = YES;
				CLANG_WARN_SUSPICIOUS_MOVE = YES;
				CLANG_WARN_UNGUARDED_AVAILABILITY = YES_AGGRESSIVE;
				CLANG_WARN_UNREACHABLE_CODE = YES;
				CLANG_WARN__DUPLICATE_METHOD_MATCH = YES;
				COPY_PHASE_STRIP = NO;
				DEBUG_INFORMATION_FORMAT = "dwarf-with-dsym";
				ENABLE_NS_ASSERTIONS = NO;
				ENABLE_STRICT_OBJC_MSGSEND = YES;
				GCC_C_LANGUAGE_STANDARD = gnu11;
				GCC_NO_COMMON_BLOCKS = YES;
				GCC_WARN_64_TO_32_BIT_CONVERSION = YES;
				GCC_WARN_ABOUT_RETURN_TYPE = YES_ERROR;
				GCC_WARN_UNDECLARED_SELECTOR = YES;
				GCC_WARN_UNINITIALIZED_AUTOS = YES_AGGRESSIVE;
				GCC_WARN_UNUSED_FUNCTION = YES;
				GCC_WARN_UNUSED_VARIABLE = YES;
				IPHONEOS_DEPLOYMENT_TARGET = 13.0;
				MTL_ENABLE_DEBUG_INFO = NO;
				MTL_FAST_MATH = YES;
				SDKROOT = iphoneos;
				SWIFT_COMPILATION_MODE = wholemodule;
				SWIFT_OPTIMIZATION_LEVEL = "-O";
				VALIDATE_PRODUCT = YES;
			};
			name = Release;
		};
		040CA7B72340B60900D4A035 /* Debug */ = {
			isa = XCBuildConfiguration;
			buildSettings = {
				ASSETCATALOG_COMPILER_APPICON_NAME = AppIcon;
				CODE_SIGN_STYLE = Automatic;
				DEVELOPMENT_TEAM = 977ZUDX2NY;
				INFOPLIST_FILE = CourseEnorllment/Info.plist;
				IPHONEOS_DEPLOYMENT_TARGET = 13.0;
				LD_RUNPATH_SEARCH_PATHS = (
					"$(inherited)",
					"@executable_path/Frameworks",
				);
				PRODUCT_BUNDLE_IDENTIFIER = DND.CourseEnorllment;
				PRODUCT_NAME = "$(TARGET_NAME)";
				SWIFT_VERSION = 5.0;
				TARGETED_DEVICE_FAMILY = "1,2";
			};
			name = Debug;
		};
		040CA7B82340B60900D4A035 /* Release */ = {
			isa = XCBuildConfiguration;
			buildSettings = {
				ASSETCATALOG_COMPILER_APPICON_NAME = AppIcon;
				CODE_SIGN_STYLE = Automatic;
				DEVELOPMENT_TEAM = 977ZUDX2NY;
				INFOPLIST_FILE = CourseEnorllment/Info.plist;
				IPHONEOS_DEPLOYMENT_TARGET = 13.0;
				LD_RUNPATH_SEARCH_PATHS = (
					"$(inherited)",
					"@executable_path/Frameworks",
				);
				PRODUCT_BUNDLE_IDENTIFIER = DND.CourseEnorllment;
				PRODUCT_NAME = "$(TARGET_NAME)";
				SWIFT_VERSION = 5.0;
				TARGETED_DEVICE_FAMILY = "1,2";
			};
			name = Release;
		};
/* End XCBuildConfiguration section */

/* Begin XCConfigurationList section */
		040CA79D2340B60800D4A035 /* Build configuration list for PBXProject "CourseEnorllment" */ = {
			isa = XCConfigurationList;
			buildConfigurations = (
				040CA7B42340B60900D4A035 /* Debug */,
				040CA7B52340B60900D4A035 /* Release */,
			);
			defaultConfigurationIsVisible = 0;
			defaultConfigurationName = Release;
		};
		040CA7B62340B60900D4A035 /* Build configuration list for PBXNativeTarget "CourseEnorllment" */ = {
			isa = XCConfigurationList;
			buildConfigurations = (
				040CA7B72340B60900D4A035 /* Debug */,
				040CA7B82340B60900D4A035 /* Release */,
			);
			defaultConfigurationIsVisible = 0;
			defaultConfigurationName = Release;
		};
/* End XCConfigurationList section */
	};
	rootObject = 040CA79A2340B60800D4A035 /* Project object */;
}
